
Microsoft Visual Studio Solution File, Format Version 12.00
# Visual Studio Version 16
VisualStudioVersion = 16.0.29521.150
MinimumVisualStudioVersion = 10.0.40219.1
Project("{FAE04EC0-301F-11D3-BF4B-00C04F79EFBC}") = "CascadingProperties", "CascadingProperties\CascadingProperties.csproj", "{31DDE4BF-D37A-421E-B4E0-9A9C7D93075C}"
EndProject
Project("{FAE04EC0-301F-11D3-BF4B-00C04F79EFBC}") = "InputDigitsComponentLib", "InputDigitsComponentLib\InputDigitsComponentLib.csproj", "{31A02F96-7396-43EA-8B7B-AA338A92D430}"
EndProject
Global
	GlobalSection(SolutionConfigurationPlatforms) = preSolution
		Debug|Any CPU = Debug|Any CPU
		Release|Any CPU = Release|Any CPU
	EndGlobalSection
	GlobalSection(ProjectConfigurationPlatforms) = postSolution
		{31DDE4BF-D37A-421E-B4E0-9A9C7D93075C}.Debug|Any CPU.ActiveCfg = Debug|Any CPU
		{31DDE4BF-D37A-421E-B4E0-9A9C7D93075C}.Debug|Any CPU.Build.0 = Debug|Any CPU
		{31DDE4BF-D37A-421E-B4E0-9A9C7D93075C}.Release|Any CPU.ActiveCfg = Release|Any CPU
		{31DDE4BF-D37A-421E-B4E0-9A9C7D93075C}.Release|Any CPU.Build.0 = Release|Any CPU
		{31A02F96-7396-43EA-8B7B-AA338A92D430}.Debug|Any CPU.ActiveCfg = Debug|Any CPU
		{31A02F96-7396-43EA-8B7B-AA338A92D430}.Debug|Any CPU.Build.0 = Debug|Any CPU
		{31A02F96-7396-43EA-8B7B-AA338A92D430}.Release|Any CPU.ActiveCfg = Release|Any CPU
		{31A02F96-7396-43EA-8B7B-AA338A92D430}.Release|Any CPU.Build.0 = Release|Any CPU
	EndGlobalSection
	GlobalSection(SolutionProperties) = preSolution
		HideSolutionNode = FALSE
	EndGlobalSection
	GlobalSection(ExtensibilityGlobals) = postSolution
		SolutionGuid = {20ADFA3E-30C6-48F9-9172-0AE5FA65F0E9}
	EndGlobalSection
EndGlobal
