
Microsoft Visual Studio Solution File, Format Version 12.00
# Visual Studio Version 16
VisualStudioVersion = 16.0.29521.150
MinimumVisualStudioVersion = 10.0.40219.1
Project("{9A19103F-16F7-4668-BE54-9A1E7A4F7556}") = "TemplatedComponents", "TemplatedComponents\TemplatedComponents.csproj", "{29267389-EB56-4F8B-95F2-892051EB1B5B}"
EndProject
Project("{FAE04EC0-301F-11D3-BF4B-00C04F79EFBC}") = "RazorClassLibrary1", "RazorClassLibrary1\RazorClassLibrary1.csproj", "{6363DC07-D3AF-45E4-98C6-87EC00672281}"
EndProject
Global
	GlobalSection(SolutionConfigurationPlatforms) = preSolution
		Debug|Any CPU = Debug|Any CPU
		Release|Any CPU = Release|Any CPU
	EndGlobalSection
	GlobalSection(ProjectConfigurationPlatforms) = postSolution
		{29267389-EB56-4F8B-95F2-892051EB1B5B}.Debug|Any CPU.ActiveCfg = Debug|Any CPU
		{29267389-EB56-4F8B-95F2-892051EB1B5B}.Debug|Any CPU.Build.0 = Debug|Any CPU
		{29267389-EB56-4F8B-95F2-892051EB1B5B}.Release|Any CPU.ActiveCfg = Release|Any CPU
		{29267389-EB56-4F8B-95F2-892051EB1B5B}.Release|Any CPU.Build.0 = Release|Any CPU
		{6363DC07-D3AF-45E4-98C6-87EC00672281}.Debug|Any CPU.ActiveCfg = Debug|Any CPU
		{6363DC07-D3AF-45E4-98C6-87EC00672281}.Debug|Any CPU.Build.0 = Debug|Any CPU
		{6363DC07-D3AF-45E4-98C6-87EC00672281}.Release|Any CPU.ActiveCfg = Release|Any CPU
		{6363DC07-D3AF-45E4-98C6-87EC00672281}.Release|Any CPU.Build.0 = Release|Any CPU
	EndGlobalSection
	GlobalSection(SolutionProperties) = preSolution
		HideSolutionNode = FALSE
	EndGlobalSection
	GlobalSection(ExtensibilityGlobals) = postSolution
		SolutionGuid = {1C6FA4FE-AEDB-4912-A7A6-5F79FE05826C}
	EndGlobalSection
EndGlobal
